// !$*UTF8*$!
{
	archiveVersion = 1;
	classes = {
	};
	objectVersion = 50;
	objects = {

/* Begin PBXBuildFile section */
		27A92EE720A22EB3004860CE /* Validators.swift in Sources */ = {isa = PBXBuildFile; fileRef = 27A92EE620A22EB3004860CE /* Validators.swift */; };
		27B239F2207FE09A008A1DEF /* main.swift in Sources */ = {isa = PBXBuildFile; fileRef = 27B239F1207FE09A008A1DEF /* main.swift */; };
		27B239F9207FE355008A1DEF /* CharacterFieldRepresentable.swift in Sources */ = {isa = PBXBuildFile; fileRef = 27B239F8207FE355008A1DEF /* CharacterFieldRepresentable.swift */; };
		27B239FB207FE59A008A1DEF /* Character+Representable.swift in Sources */ = {isa = PBXBuildFile; fileRef = 27B239FA207FE59A008A1DEF /* Character+Representable.swift */; };
		27B239FD207FE920008A1DEF /* RegularExpressionRepresentable.swift in Sources */ = {isa = PBXBuildFile; fileRef = 27B239FC207FE920008A1DEF /* RegularExpressionRepresentable.swift */; };
		27B239FF208025A8008A1DEF /* ClosedRange+Representable.swift in Sources */ = {isa = PBXBuildFile; fileRef = 27B239FE208025A8008A1DEF /* ClosedRange+Representable.swift */; };
		27B23A0120802700008A1DEF /* String+Representable.swift in Sources */ = {isa = PBXBuildFile; fileRef = 27B23A0020802700008A1DEF /* String+Representable.swift */; };
		27B23A0320802ABC008A1DEF /* CharacterType.swift in Sources */ = {isa = PBXBuildFile; fileRef = 27B23A0220802ABC008A1DEF /* CharacterType.swift */; };
		27D58C6C20865ED00096B27A /* UnicodeProperty.swift in Sources */ = {isa = PBXBuildFile; fileRef = 27D58C6B20865ED00096B27A /* UnicodeProperty.swift */; };
		27D58C6E208668E50096B27A /* UnicodeScalar+Representable.swift in Sources */ = {isa = PBXBuildFile; fileRef = 27D58C6D208668E50096B27A /* UnicodeScalar+Representable.swift */; };
		27D58C7020866AC20096B27A /* ArrayUtilities.swift in Sources */ = {isa = PBXBuildFile; fileRef = 27D58C6F20866AC20096B27A /* ArrayUtilities.swift */; };
		27D58C72208673370096B27A /* Helpers.swift in Sources */ = {isa = PBXBuildFile; fileRef = 27D58C71208673370096B27A /* Helpers.swift */; };
		27D58C74208673B00096B27A /* CharacterField.swift in Sources */ = {isa = PBXBuildFile; fileRef = 27D58C73208673B00096B27A /* CharacterField.swift */; };
		27D58C76208678CF0096B27A /* RegularExpressionCountable.swift in Sources */ = {isa = PBXBuildFile; fileRef = 27D58C75208678CF0096B27A /* RegularExpressionCountable.swift */; };
		27D58C7820867BD00096B27A /* RegularExpressionSequence.swift in Sources */ = {isa = PBXBuildFile; fileRef = 27D58C7720867BD00096B27A /* RegularExpressionSequence.swift */; };
		27D58C7A20867CB10096B27A /* PureRegularExpressionRepresentation.swift in Sources */ = {isa = PBXBuildFile; fileRef = 27D58C7920867CB00096B27A /* PureRegularExpressionRepresentation.swift */; };
		27D58C7C20867E1E0096B27A /* Group.swift in Sources */ = {isa = PBXBuildFile; fileRef = 27D58C7B20867E1E0096B27A /* Group.swift */; };
		27DD6DAD209BD4A900224759 /* Pattern.swift in Sources */ = {isa = PBXBuildFile; fileRef = 27DD6DAC209BD4A900224759 /* Pattern.swift */; };
/* End PBXBuildFile section */

/* Begin PBXCopyFilesBuildPhase section */
		27B239EC207FE09A008A1DEF /* CopyFiles */ = {
			isa = PBXCopyFilesBuildPhase;
			buildActionMask = 2147483647;
			dstPath = /usr/share/man/man1/;
			dstSubfolderSpec = 0;
			files = (
			);
			runOnlyForDeploymentPostprocessing = 1;
		};
/* End PBXCopyFilesBuildPhase section */

/* Begin PBXFileReference section */
		27A92EE620A22EB3004860CE /* Validators.swift */ = {isa = PBXFileReference; lastKnownFileType = sourcecode.swift; path = Validators.swift; sourceTree = "<group>"; };
		27B239EE207FE09A008A1DEF /* Reggie */ = {isa = PBXFileReference; explicitFileType = "compiled.mach-o.executable"; includeInIndex = 0; path = Reggie; sourceTree = BUILT_PRODUCTS_DIR; };
		27B239F1207FE09A008A1DEF /* main.swift */ = {isa = PBXFileReference; lastKnownFileType = sourcecode.swift; path = main.swift; sourceTree = "<group>"; };
		27B239F8207FE355008A1DEF /* CharacterFieldRepresentable.swift */ = {isa = PBXFileReference; lastKnownFileType = sourcecode.swift; path = CharacterFieldRepresentable.swift; sourceTree = "<group>"; };
		27B239FA207FE59A008A1DEF /* Character+Representable.swift */ = {isa = PBXFileReference; lastKnownFileType = sourcecode.swift; path = "Character+Representable.swift"; sourceTree = "<group>"; };
		27B239FC207FE920008A1DEF /* RegularExpressionRepresentable.swift */ = {isa = PBXFileReference; lastKnownFileType = sourcecode.swift; path = RegularExpressionRepresentable.swift; sourceTree = "<group>"; };
		27B239FE208025A8008A1DEF /* ClosedRange+Representable.swift */ = {isa = PBXFileReference; lastKnownFileType = sourcecode.swift; path = "ClosedRange+Representable.swift"; sourceTree = "<group>"; };
		27B23A0020802700008A1DEF /* String+Representable.swift */ = {isa = PBXFileReference; lastKnownFileType = sourcecode.swift; path = "String+Representable.swift"; sourceTree = "<group>"; };
		27B23A0220802ABC008A1DEF /* CharacterType.swift */ = {isa = PBXFileReference; lastKnownFileType = sourcecode.swift; path = CharacterType.swift; sourceTree = "<group>"; };
		27D58C6B20865ED00096B27A /* UnicodeProperty.swift */ = {isa = PBXFileReference; lastKnownFileType = sourcecode.swift; path = UnicodeProperty.swift; sourceTree = "<group>"; };
		27D58C6D208668E50096B27A /* UnicodeScalar+Representable.swift */ = {isa = PBXFileReference; lastKnownFileType = sourcecode.swift; path = "UnicodeScalar+Representable.swift"; sourceTree = "<group>"; };
		27D58C6F20866AC20096B27A /* ArrayUtilities.swift */ = {isa = PBXFileReference; lastKnownFileType = sourcecode.swift; path = ArrayUtilities.swift; sourceTree = "<group>"; };
		27D58C71208673370096B27A /* Helpers.swift */ = {isa = PBXFileReference; lastKnownFileType = sourcecode.swift; path = Helpers.swift; sourceTree = "<group>"; };
		27D58C73208673B00096B27A /* CharacterField.swift */ = {isa = PBXFileReference; lastKnownFileType = sourcecode.swift; path = CharacterField.swift; sourceTree = "<group>"; };
		27D58C75208678CF0096B27A /* RegularExpressionCountable.swift */ = {isa = PBXFileReference; lastKnownFileType = sourcecode.swift; path = RegularExpressionCountable.swift; sourceTree = "<group>"; };
		27D58C7720867BD00096B27A /* RegularExpressionSequence.swift */ = {isa = PBXFileReference; lastKnownFileType = sourcecode.swift; path = RegularExpressionSequence.swift; sourceTree = "<group>"; };
		27D58C7920867CB00096B27A /* PureRegularExpressionRepresentation.swift */ = {isa = PBXFileReference; fileEncoding = 4; lastKnownFileType = sourcecode.swift; path = PureRegularExpressionRepresentation.swift; sourceTree = "<group>"; };
		27D58C7B20867E1E0096B27A /* Group.swift */ = {isa = PBXFileReference; lastKnownFileType = sourcecode.swift; path = Group.swift; sourceTree = "<group>"; };
		27DD6DAC209BD4A900224759 /* Pattern.swift */ = {isa = PBXFileReference; lastKnownFileType = sourcecode.swift; path = Pattern.swift; sourceTree = "<group>"; };
		27E2CB0620A2B24700B028B8 /* Test.swift */ = {isa = PBXFileReference; lastKnownFileType = sourcecode.swift; path = Test.swift; sourceTree = "<group>"; };
/* End PBXFileReference section */

/* Begin PBXFrameworksBuildPhase section */
		27B239EB207FE09A008A1DEF /* Frameworks */ = {
			isa = PBXFrameworksBuildPhase;
			buildActionMask = 2147483647;
			files = (
			);
			runOnlyForDeploymentPostprocessing = 0;
		};
/* End PBXFrameworksBuildPhase section */

/* Begin PBXGroup section */
		27B239E5207FE09A008A1DEF = {
			isa = PBXGroup;
			children = (
				27B239F0207FE09A008A1DEF /* Reggie */,
				27B239EF207FE09A008A1DEF /* Products */,
			);
			sourceTree = "<group>";
		};
		27B239EF207FE09A008A1DEF /* Products */ = {
			isa = PBXGroup;
			children = (
				27B239EE207FE09A008A1DEF /* Reggie */,
			);
			name = Products;
			sourceTree = "<group>";
		};
		27B239F0207FE09A008A1DEF /* Reggie */ = {
			isa = PBXGroup;
			children = (
				27B239F1207FE09A008A1DEF /* main.swift */,
				27E2CB0620A2B24700B028B8 /* Test.swift */,
				27A92EE620A22EB3004860CE /* Validators.swift */,
				27DD6DAC209BD4A900224759 /* Pattern.swift */,
				27D58C75208678CF0096B27A /* RegularExpressionCountable.swift */,
				27D58C6F20866AC20096B27A /* ArrayUtilities.swift */,
				27B239FC207FE920008A1DEF /* RegularExpressionRepresentable.swift */,
				27D58C7920867CB00096B27A /* PureRegularExpressionRepresentation.swift */,
				27B239F8207FE355008A1DEF /* CharacterFieldRepresentable.swift */,
				27D58C6D208668E50096B27A /* UnicodeScalar+Representable.swift */,
				27B239FA207FE59A008A1DEF /* Character+Representable.swift */,
				27D58C7B20867E1E0096B27A /* Group.swift */,
				27B23A0020802700008A1DEF /* String+Representable.swift */,
				27B239FE208025A8008A1DEF /* ClosedRange+Representable.swift */,
				27D58C71208673370096B27A /* Helpers.swift */,
				27D58C7720867BD00096B27A /* RegularExpressionSequence.swift */,
				27D58C73208673B00096B27A /* CharacterField.swift */,
				27B23A0220802ABC008A1DEF /* CharacterType.swift */,
				27D58C6B20865ED00096B27A /* UnicodeProperty.swift */,
			);
			path = Reggie;
			sourceTree = "<group>";
		};
/* End PBXGroup section */

/* Begin PBXNativeTarget section */
		27B239ED207FE09A008A1DEF /* Reggie */ = {
			isa = PBXNativeTarget;
			buildConfigurationList = 27B239F5207FE09A008A1DEF /* Build configuration list for PBXNativeTarget "Reggie" */;
			buildPhases = (
				27B239EA207FE09A008A1DEF /* Sources */,
				27B239EB207FE09A008A1DEF /* Frameworks */,
				27B239EC207FE09A008A1DEF /* CopyFiles */,
			);
			buildRules = (
			);
			dependencies = (
			);
			name = Reggie;
			productName = Reggie;
			productReference = 27B239EE207FE09A008A1DEF /* Reggie */;
			productType = "com.apple.product-type.tool";
		};
/* End PBXNativeTarget section */

/* Begin PBXProject section */
		27B239E6207FE09A008A1DEF /* Project object */ = {
			isa = PBXProject;
			attributes = {
				LastSwiftUpdateCheck = 0930;
				LastUpgradeCheck = 0930;
				ORGANIZATIONNAME = "Paul Herz";
				TargetAttributes = {
					27B239ED207FE09A008A1DEF = {
						CreatedOnToolsVersion = 9.3;
					};
				};
			};
			buildConfigurationList = 27B239E9207FE09A008A1DEF /* Build configuration list for PBXProject "Reggie" */;
			compatibilityVersion = "Xcode 9.3";
			developmentRegion = en;
			hasScannedForEncodings = 0;
			knownRegions = (
				en,
			);
			mainGroup = 27B239E5207FE09A008A1DEF;
			productRefGroup = 27B239EF207FE09A008A1DEF /* Products */;
			projectDirPath = "";
			projectRoot = "";
			targets = (
				27B239ED207FE09A008A1DEF /* Reggie */,
			);
		};
/* End PBXProject section */

/* Begin PBXSourcesBuildPhase section */
		27B239EA207FE09A008A1DEF /* Sources */ = {
			isa = PBXSourcesBuildPhase;
			buildActionMask = 2147483647;
			files = (
				27D58C7A20867CB10096B27A /* PureRegularExpressionRepresentation.swift in Sources */,
				27B239F2207FE09A008A1DEF /* main.swift in Sources */,
				27DD6DAD209BD4A900224759 /* Pattern.swift in Sources */,
				27B23A0320802ABC008A1DEF /* CharacterType.swift in Sources */,
				27D58C7C20867E1E0096B27A /* Group.swift in Sources */,
				27D58C6C20865ED00096B27A /* UnicodeProperty.swift in Sources */,
				27B239FB207FE59A008A1DEF /* Character+Representable.swift in Sources */,
				27B239FF208025A8008A1DEF /* ClosedRange+Representable.swift in Sources */,
				27A92EE720A22EB3004860CE /* Validators.swift in Sources */,
				27D58C6E208668E50096B27A /* UnicodeScalar+Representable.swift in Sources */,
				27D58C76208678CF0096B27A /* RegularExpressionCountable.swift in Sources */,
				27D58C72208673370096B27A /* Helpers.swift in Sources */,
				27B239FD207FE920008A1DEF /* RegularExpressionRepresentable.swift in Sources */,
				27D58C7020866AC20096B27A /* ArrayUtilities.swift in Sources */,
				27B239F9207FE355008A1DEF /* CharacterFieldRepresentable.swift in Sources */,
				27D58C7820867BD00096B27A /* RegularExpressionSequence.swift in Sources */,
				27B23A0120802700008A1DEF /* String+Representable.swift in Sources */,
				27D58C74208673B00096B27A /* CharacterField.swift in Sources */,
			);
			runOnlyForDeploymentPostprocessing = 0;
		};
/* End PBXSourcesBuildPhase section */

/* Begin XCBuildConfiguration section */
		27B239F3207FE09A008A1DEF /* Debug */ = {
			isa = XCBuildConfiguration;
			buildSettings = {
				ALWAYS_SEARCH_USER_PATHS = NO;
				CLANG_ANALYZER_NONNULL = YES;
				CLANG_ANALYZER_NUMBER_OBJECT_CONVERSION = YES_AGGRESSIVE;
				CLANG_CXX_LANGUAGE_STANDARD = "gnu++14";
				CLANG_CXX_LIBRARY = "libc++";
				CLANG_ENABLE_MODULES = YES;
				CLANG_ENABLE_OBJC_ARC = YES;
				CLANG_ENABLE_OBJC_WEAK = YES;
				CLANG_WARN_BLOCK_CAPTURE_AUTORELEASING = YES;
				CLANG_WARN_BOOL_CONVERSION = YES;
				CLANG_WARN_COMMA = YES;
				CLANG_WARN_CONSTANT_CONVERSION = YES;
				CLANG_WARN_DEPRECATED_OBJC_IMPLEMENTATIONS = YES;
				CLANG_WARN_DIRECT_OBJC_ISA_USAGE = YES_ERROR;
				CLANG_WARN_DOCUMENTATION_COMMENTS = YES;
				CLANG_WARN_EMPTY_BODY = YES;
				CLANG_WARN_ENUM_CONVERSION = YES;
				CLANG_WARN_INFINITE_RECURSION = YES;
				CLANG_WARN_INT_CONVERSION = YES;
				CLANG_WARN_NON_LITERAL_NULL_CONVERSION = YES;
				CLANG_WARN_OBJC_IMPLICIT_RETAIN_SELF = YES;
				CLANG_WARN_OBJC_LITERAL_CONVERSION = YES;
				CLANG_WARN_OBJC_ROOT_CLASS = YES_ERROR;
				CLANG_WARN_RANGE_LOOP_ANALYSIS = YES;
				CLANG_WARN_STRICT_PROTOTYPES = YES;
				CLANG_WARN_SUSPICIOUS_MOVE = YES;
				CLANG_WARN_UNGUARDED_AVAILABILITY = YES_AGGRESSIVE;
				CLANG_WARN_UNREACHABLE_CODE = YES;
				CLANG_WARN__DUPLICATE_METHOD_MATCH = YES;
				CODE_SIGN_IDENTITY = "Mac Developer";
				COPY_PHASE_STRIP = NO;
				DEBUG_INFORMATION_FORMAT = dwarf;
				ENABLE_STRICT_OBJC_MSGSEND = YES;
				ENABLE_TESTABILITY = YES;
				GCC_C_LANGUAGE_STANDARD = gnu11;
				GCC_DYNAMIC_NO_PIC = NO;
				GCC_NO_COMMON_BLOCKS = YES;
				GCC_OPTIMIZATION_LEVEL = 0;
				GCC_PREPROCESSOR_DEFINITIONS = (
					"DEBUG=1",
					"$(inherited)",
				);
				GCC_WARN_64_TO_32_BIT_CONVERSION = YES;
				GCC_WARN_ABOUT_RETURN_TYPE = YES_ERROR;
				GCC_WARN_UNDECLARED_SELECTOR = YES;
				GCC_WARN_UNINITIALIZED_AUTOS = YES_AGGRESSIVE;
				GCC_WARN_UNUSED_FUNCTION = YES;
				GCC_WARN_UNUSED_VARIABLE = YES;
				MACOSX_DEPLOYMENT_TARGET = 10.13;
				MTL_ENABLE_DEBUG_INFO = YES;
				ONLY_ACTIVE_ARCH = YES;
				SDKROOT = macosx;
				SWIFT_ACTIVE_COMPILATION_CONDITIONS = DEBUG;
				SWIFT_OPTIMIZATION_LEVEL = "-Onone";
			};
			name = Debug;
		};
		27B239F4207FE09A008A1DEF /* Release */ = {
			isa = XCBuildConfiguration;
			buildSettings = {
				ALWAYS_SEARCH_USER_PATHS = NO;
				CLANG_ANALYZER_NONNULL = YES;
				CLANG_ANALYZER_NUMBER_OBJECT_CONVERSION = YES_AGGRESSIVE;
				CLANG_CXX_LANGUAGE_STANDARD = "gnu++14";
				CLANG_CXX_LIBRARY = "libc++";
				CLANG_ENABLE_MODULES = YES;
				CLANG_ENABLE_OBJC_ARC = YES;
				CLANG_ENABLE_OBJC_WEAK = YES;
				CLANG_WARN_BLOCK_CAPTURE_AUTORELEASING = YES;
				CLANG_WARN_BOOL_CONVERSION = YES;
				CLANG_WARN_COMMA = YES;
				CLANG_WARN_CONSTANT_CONVERSION = YES;
				CLANG_WARN_DEPRECATED_OBJC_IMPLEMENTATIONS = YES;
				CLANG_WARN_DIRECT_OBJC_ISA_USAGE = YES_ERROR;
				CLANG_WARN_DOCUMENTATION_COMMENTS = YES;
				CLANG_WARN_EMPTY_BODY = YES;
				CLANG_WARN_ENUM_CONVERSION = YES;
				CLANG_WARN_INFINITE_RECURSION = YES;
				CLANG_WARN_INT_CONVERSION = YES;
				CLANG_WARN_NON_LITERAL_NULL_CONVERSION = YES;
				CLANG_WARN_OBJC_IMPLICIT_RETAIN_SELF = YES;
				CLANG_WARN_OBJC_LITERAL_CONVERSION = YES;
				CLANG_WARN_OBJC_ROOT_CLASS = YES_ERROR;
				CLANG_WARN_RANGE_LOOP_ANALYSIS = YES;
				CLANG_WARN_STRICT_PROTOTYPES = YES;
				CLANG_WARN_SUSPICIOUS_MOVE = YES;
				CLANG_WARN_UNGUARDED_AVAILABILITY = YES_AGGRESSIVE;
				CLANG_WARN_UNREACHABLE_CODE = YES;
				CLANG_WARN__DUPLICATE_METHOD_MATCH = YES;
				CODE_SIGN_IDENTITY = "Mac Developer";
				COPY_PHASE_STRIP = NO;
				DEBUG_INFORMATION_FORMAT = "dwarf-with-dsym";
				ENABLE_NS_ASSERTIONS = NO;
				ENABLE_STRICT_OBJC_MSGSEND = YES;
				GCC_C_LANGUAGE_STANDARD = gnu11;
				GCC_NO_COMMON_BLOCKS = YES;
				GCC_WARN_64_TO_32_BIT_CONVERSION = YES;
				GCC_WARN_ABOUT_RETURN_TYPE = YES_ERROR;
				GCC_WARN_UNDECLARED_SELECTOR = YES;
				GCC_WARN_UNINITIALIZED_AUTOS = YES_AGGRESSIVE;
				GCC_WARN_UNUSED_FUNCTION = YES;
				GCC_WARN_UNUSED_VARIABLE = YES;
				MACOSX_DEPLOYMENT_TARGET = 10.13;
				MTL_ENABLE_DEBUG_INFO = NO;
				SDKROOT = macosx;
				SWIFT_COMPILATION_MODE = wholemodule;
				SWIFT_OPTIMIZATION_LEVEL = "-O";
			};
			name = Release;
		};
		27B239F6207FE09A008A1DEF /* Debug */ = {
			isa = XCBuildConfiguration;
			buildSettings = {
				CODE_SIGN_STYLE = Automatic;
				DEVELOPMENT_TEAM = M8MME6Q9DA;
				PRODUCT_NAME = "$(TARGET_NAME)";
				SWIFT_VERSION = 4.0;
			};
			name = Debug;
		};
		27B239F7207FE09A008A1DEF /* Release */ = {
			isa = XCBuildConfiguration;
			buildSettings = {
				CODE_SIGN_STYLE = Automatic;
				DEVELOPMENT_TEAM = M8MME6Q9DA;
				PRODUCT_NAME = "$(TARGET_NAME)";
				SWIFT_VERSION = 4.0;
			};
			name = Release;
		};
/* End XCBuildConfiguration section */

/* Begin XCConfigurationList section */
		27B239E9207FE09A008A1DEF /* Build configuration list for PBXProject "Reggie" */ = {
			isa = XCConfigurationList;
			buildConfigurations = (
				27B239F3207FE09A008A1DEF /* Debug */,
				27B239F4207FE09A008A1DEF /* Release */,
			);
			defaultConfigurationIsVisible = 0;
			defaultConfigurationName = Release;
		};
		27B239F5207FE09A008A1DEF /* Build configuration list for PBXNativeTarget "Reggie" */ = {
			isa = XCConfigurationList;
			buildConfigurations = (
				27B239F6207FE09A008A1DEF /* Debug */,
				27B239F7207FE09A008A1DEF /* Release */,
			);
			defaultConfigurationIsVisible = 0;
			defaultConfigurationName = Release;
		};
/* End XCConfigurationList section */
	};
	rootObject = 27B239E6207FE09A008A1DEF /* Project object */;
}
